
Microsoft Visual Studio Solution File, Format Version 12.00
# Visual Studio Version 16
VisualStudioVersion = 16.0.30309.148
MinimumVisualStudioVersion = 10.0.40219.1
Project("{FAE04EC0-301F-11D3-BF4B-00C04F79EFBC}") = "RandomLeader", "RandomLeader\RandomLeader.csproj", "{EEFB8661-5EB4-406D-89AD-A7A887A19F18}"
EndProject
Global
	GlobalSection(SolutionConfigurationPlatforms) = preSolution
		Debug|Any CPU = Debug|Any CPU
		Release|Any CPU = Release|Any CPU
	EndGlobalSection
	GlobalSection(ProjectConfigurationPlatforms) = postSolution
		{EEFB8661-5EB4-406D-89AD-A7A887A19F18}.Debug|Any CPU.ActiveCfg = Debug|Any CPU
		{EEFB8661-5EB4-406D-89AD-A7A887A19F18}.Debug|Any CPU.Build.0 = Debug|Any CPU
		{EEFB8661-5EB4-406D-89AD-A7A887A19F18}.Release|Any CPU.ActiveCfg = Release|Any CPU
		{EEFB8661-5EB4-406D-89AD-A7A887A19F18}.Release|Any CPU.Build.0 = Release|Any CPU
	EndGlobalSection
	GlobalSection(SolutionProperties) = preSolution
		HideSolutionNode = FALSE
	EndGlobalSection
	GlobalSection(ExtensibilityGlobals) = postSolution
		SolutionGuid = {122992F3-0C69-41AF-95D7-5950C6F82642}
	EndGlobalSection
EndGlobal
